
Microsoft Visual Studio Solution File, Format Version 12.00
# Visual Studio 14
VisualStudioVersion = 14.0.25420.1
MinimumVisualStudioVersion = 10.0.40219.1
Project("{FAE04EC0-301F-11D3-BF4B-00C04F79EFBC}") = "DDAS.Models", "DDAS.Models\DDAS.Models.csproj", "{D441E38F-0564-4688-872B-25127A7B3EC5}"
EndProject
Project("{FAE04EC0-301F-11D3-BF4B-00C04F79EFBC}") = "DDAS.EF", "DDAS.EF\DDAS.EF.csproj", "{DA8B8909-E002-4E18-9223-BC95F2B6B2CD}"
EndProject
Project("{FAE04EC0-301F-11D3-BF4B-00C04F79EFBC}") = "DDAS.API", "DDAS.API\DDAS.API.csproj", "{D4F45046-9DB7-42E5-A2E9-6E7835C38F9A}"
EndProject
Project("{FAE04EC0-301F-11D3-BF4B-00C04F79EFBC}") = "WebScraping", "DDAS.Selenium\WebScraping\WebScraping.csproj", "{ADAEA0B4-C2B4-4BD3-A8D7-9050B81B9246}"
EndProject
Project("{FAE04EC0-301F-11D3-BF4B-00C04F79EFBC}") = "WebScraping.Interfaces", "DDAS.Selenium\WebScraping.Interfaces\WebScraping.Interfaces.csproj", "{5035211B-27B4-4849-92ED-E356DFCF0DA8}"
EndProject
Project("{FAE04EC0-301F-11D3-BF4B-00C04F79EFBC}") = "WebScraping.Selenium", "DDAS.Selenium\WebScraping.Selenium\WebScraping.Selenium.csproj", "{90B7C01C-1EAA-441E-909A-6949BC6ED08C}"
EndProject
Project("{FAE04EC0-301F-11D3-BF4B-00C04F79EFBC}") = "WebScraping.Tests", "DDAS.Selenium\WebScraping.Tests\WebScraping.Tests.csproj", "{908981D6-0471-4AEF-A5AA-7AF3F59FCBAF}"
EndProject
Project("{FAE04EC0-301F-11D3-BF4B-00C04F79EFBC}") = "Utilities", "DDAS.Selenium\Utilities\Utilities.csproj", "{E284F28D-9482-4DEA-9CC2-872BB86A3D9C}"
EndProject
Project("{2150E333-8FDC-42A3-9474-1A3956D46DE8}") = "Solution Items", "Solution Items", "{E8337E3A-BF5B-4A46-A26A-3BF2C4DE888D}"
	ProjectSection(SolutionItems) = preProject
		Notes.txt = Notes.txt
	EndProjectSection
EndProject
Project("{FAE04EC0-301F-11D3-BF4B-00C04F79EFBC}") = "DDAS.Data.Mongo", "DDAS.Data.Mongo\DDAS.Data.Mongo.csproj", "{95F621B2-EFA7-4329-A232-5EA1EFE44844}"
EndProject
Project("{FAE04EC0-301F-11D3-BF4B-00C04F79EFBC}") = "DDAS.Run", "DDAS.Run\DDAS.Run.csproj", "{6AA61D06-E001-41AE-BCFC-74616C01EB05}"
EndProject
Project("{FAE04EC0-301F-11D3-BF4B-00C04F79EFBC}") = "DDAS.DataExtractor", "DDAS.DataExtractor\DDAS.DataExtractor.csproj", "{9575230A-EE84-4DD5-B454-18C45BC9A4C5}"
EndProject
Project("{FAE04EC0-301F-11D3-BF4B-00C04F79EFBC}") = "DDAS.Services", "DDAS.Services\DDAS.Services.csproj", "{B9FC373C-8E1B-49BA-A170-CF34E23CEF60}"
EndProject
Project("{FAE04EC0-301F-11D3-BF4B-00C04F79EFBC}") = "DDAS.Setup", "DDAS.Setup\DDAS.Setup.csproj", "{2009D73D-BD92-4E9A-A028-4AE09C693411}"
EndProject
Project("{FAE04EC0-301F-11D3-BF4B-00C04F79EFBC}") = "ConsoleLiveScanDistributor", "ConsoleLiveScanDistributor\ConsoleLiveScanDistributor.csproj", "{B2C38586-3FDD-4B67-A8AF-5D2960CFA4A1}"
EndProject
Project("{FAE04EC0-301F-11D3-BF4B-00C04F79EFBC}") = "ConsoleLiveScanQueueProcessor", "ConsoleLiveScanQueueProcessor\ConsoleLiveScanQueueProcessor.csproj", "{616983FA-4088-46B1-849F-835665A50A61}"
EndProject
Project("{FAE04EC0-301F-11D3-BF4B-00C04F79EFBC}") = "OpenXmlCidGenerator", "..\OpenXmlDocumentGenerator-master\OpenXmlCidGenerator\OpenXmlCidGenerator.csproj", "{DB7FBF65-FF65-4965-A6FF-E12C34B38219}"
EndProject
Project("{FAE04EC0-301F-11D3-BF4B-00C04F79EFBC}") = "OpenXmlEmbedObjectNew", "OpenXmlEmbedObjectNew\OpenXmlEmbedObjectNew.csproj", "{C3278F37-C0DC-4740-BDAA-3169905CB301}"
EndProject
Project("{FAE04EC0-301F-11D3-BF4B-00C04F79EFBC}") = "DDAS.LiveSiteExtractor", "DDAS.LiveSiteExtractor\DDAS.LiveSiteExtractor.csproj", "{F5F9139B-A7E1-4A18-B900-D0368BF5E819}"
EndProject
Global
	GlobalSection(SolutionConfigurationPlatforms) = preSolution
		Debug|Any CPU = Debug|Any CPU
		Debug|ARM = Debug|ARM
		Debug|x64 = Debug|x64
		Debug|x86 = Debug|x86
		Release|Any CPU = Release|Any CPU
		Release|ARM = Release|ARM
		Release|x64 = Release|x64
		Release|x86 = Release|x86
	EndGlobalSection
	GlobalSection(ProjectConfigurationPlatforms) = postSolution
		{D441E38F-0564-4688-872B-25127A7B3EC5}.Debug|Any CPU.ActiveCfg = Debug|Any CPU
		{D441E38F-0564-4688-872B-25127A7B3EC5}.Debug|Any CPU.Build.0 = Debug|Any CPU
		{D441E38F-0564-4688-872B-25127A7B3EC5}.Debug|ARM.ActiveCfg = Debug|Any CPU
		{D441E38F-0564-4688-872B-25127A7B3EC5}.Debug|ARM.Build.0 = Debug|Any CPU
		{D441E38F-0564-4688-872B-25127A7B3EC5}.Debug|x64.ActiveCfg = Debug|Any CPU
		{D441E38F-0564-4688-872B-25127A7B3EC5}.Debug|x64.Build.0 = Debug|Any CPU
		{D441E38F-0564-4688-872B-25127A7B3EC5}.Debug|x86.ActiveCfg = Debug|Any CPU
		{D441E38F-0564-4688-872B-25127A7B3EC5}.Debug|x86.Build.0 = Debug|Any CPU
		{D441E38F-0564-4688-872B-25127A7B3EC5}.Release|Any CPU.ActiveCfg = Release|Any CPU
		{D441E38F-0564-4688-872B-25127A7B3EC5}.Release|Any CPU.Build.0 = Release|Any CPU
		{D441E38F-0564-4688-872B-25127A7B3EC5}.Release|ARM.ActiveCfg = Release|Any CPU
		{D441E38F-0564-4688-872B-25127A7B3EC5}.Release|ARM.Build.0 = Release|Any CPU
		{D441E38F-0564-4688-872B-25127A7B3EC5}.Release|x64.ActiveCfg = Release|Any CPU
		{D441E38F-0564-4688-872B-25127A7B3EC5}.Release|x64.Build.0 = Release|Any CPU
		{D441E38F-0564-4688-872B-25127A7B3EC5}.Release|x86.ActiveCfg = Release|Any CPU
		{D441E38F-0564-4688-872B-25127A7B3EC5}.Release|x86.Build.0 = Release|Any CPU
		{DA8B8909-E002-4E18-9223-BC95F2B6B2CD}.Debug|Any CPU.ActiveCfg = Debug|Any CPU
		{DA8B8909-E002-4E18-9223-BC95F2B6B2CD}.Debug|Any CPU.Build.0 = Debug|Any CPU
		{DA8B8909-E002-4E18-9223-BC95F2B6B2CD}.Debug|ARM.ActiveCfg = Debug|Any CPU
		{DA8B8909-E002-4E18-9223-BC95F2B6B2CD}.Debug|ARM.Build.0 = Debug|Any CPU
		{DA8B8909-E002-4E18-9223-BC95F2B6B2CD}.Debug|x64.ActiveCfg = Debug|Any CPU
		{DA8B8909-E002-4E18-9223-BC95F2B6B2CD}.Debug|x64.Build.0 = Debug|Any CPU
		{DA8B8909-E002-4E18-9223-BC95F2B6B2CD}.Debug|x86.ActiveCfg = Debug|Any CPU
		{DA8B8909-E002-4E18-9223-BC95F2B6B2CD}.Debug|x86.Build.0 = Debug|Any CPU
		{DA8B8909-E002-4E18-9223-BC95F2B6B2CD}.Release|Any CPU.ActiveCfg = Release|Any CPU
		{DA8B8909-E002-4E18-9223-BC95F2B6B2CD}.Release|Any CPU.Build.0 = Release|Any CPU
		{DA8B8909-E002-4E18-9223-BC95F2B6B2CD}.Release|ARM.ActiveCfg = Release|Any CPU
		{DA8B8909-E002-4E18-9223-BC95F2B6B2CD}.Release|ARM.Build.0 = Release|Any CPU
		{DA8B8909-E002-4E18-9223-BC95F2B6B2CD}.Release|x64.ActiveCfg = Release|Any CPU
		{DA8B8909-E002-4E18-9223-BC95F2B6B2CD}.Release|x64.Build.0 = Release|Any CPU
		{DA8B8909-E002-4E18-9223-BC95F2B6B2CD}.Release|x86.ActiveCfg = Release|Any CPU
		{DA8B8909-E002-4E18-9223-BC95F2B6B2CD}.Release|x86.Build.0 = Release|Any CPU
		{D4F45046-9DB7-42E5-A2E9-6E7835C38F9A}.Debug|Any CPU.ActiveCfg = Debug|Any CPU
		{D4F45046-9DB7-42E5-A2E9-6E7835C38F9A}.Debug|Any CPU.Build.0 = Debug|Any CPU
		{D4F45046-9DB7-42E5-A2E9-6E7835C38F9A}.Debug|ARM.ActiveCfg = Debug|Any CPU
		{D4F45046-9DB7-42E5-A2E9-6E7835C38F9A}.Debug|ARM.Build.0 = Debug|Any CPU
		{D4F45046-9DB7-42E5-A2E9-6E7835C38F9A}.Debug|x64.ActiveCfg = Debug|Any CPU
		{D4F45046-9DB7-42E5-A2E9-6E7835C38F9A}.Debug|x64.Build.0 = Debug|Any CPU
		{D4F45046-9DB7-42E5-A2E9-6E7835C38F9A}.Debug|x86.ActiveCfg = Debug|Any CPU
		{D4F45046-9DB7-42E5-A2E9-6E7835C38F9A}.Debug|x86.Build.0 = Debug|Any CPU
		{D4F45046-9DB7-42E5-A2E9-6E7835C38F9A}.Release|Any CPU.ActiveCfg = Release|Any CPU
		{D4F45046-9DB7-42E5-A2E9-6E7835C38F9A}.Release|Any CPU.Build.0 = Release|Any CPU
		{D4F45046-9DB7-42E5-A2E9-6E7835C38F9A}.Release|ARM.ActiveCfg = Release|Any CPU
		{D4F45046-9DB7-42E5-A2E9-6E7835C38F9A}.Release|ARM.Build.0 = Release|Any CPU
		{D4F45046-9DB7-42E5-A2E9-6E7835C38F9A}.Release|x64.ActiveCfg = Release|Any CPU
		{D4F45046-9DB7-42E5-A2E9-6E7835C38F9A}.Release|x64.Build.0 = Release|Any CPU
		{D4F45046-9DB7-42E5-A2E9-6E7835C38F9A}.Release|x86.ActiveCfg = Release|Any CPU
		{D4F45046-9DB7-42E5-A2E9-6E7835C38F9A}.Release|x86.Build.0 = Release|Any CPU
		{ADAEA0B4-C2B4-4BD3-A8D7-9050B81B9246}.Debug|Any CPU.ActiveCfg = Debug|Any CPU
		{ADAEA0B4-C2B4-4BD3-A8D7-9050B81B9246}.Debug|Any CPU.Build.0 = Debug|Any CPU
		{ADAEA0B4-C2B4-4BD3-A8D7-9050B81B9246}.Debug|ARM.ActiveCfg = Debug|Any CPU
		{ADAEA0B4-C2B4-4BD3-A8D7-9050B81B9246}.Debug|ARM.Build.0 = Debug|Any CPU
		{ADAEA0B4-C2B4-4BD3-A8D7-9050B81B9246}.Debug|x64.ActiveCfg = Debug|Any CPU
		{ADAEA0B4-C2B4-4BD3-A8D7-9050B81B9246}.Debug|x64.Build.0 = Debug|Any CPU
		{ADAEA0B4-C2B4-4BD3-A8D7-9050B81B9246}.Debug|x86.ActiveCfg = Debug|Any CPU
		{ADAEA0B4-C2B4-4BD3-A8D7-9050B81B9246}.Debug|x86.Build.0 = Debug|Any CPU
		{ADAEA0B4-C2B4-4BD3-A8D7-9050B81B9246}.Release|Any CPU.ActiveCfg = Release|Any CPU
		{ADAEA0B4-C2B4-4BD3-A8D7-9050B81B9246}.Release|Any CPU.Build.0 = Release|Any CPU
		{ADAEA0B4-C2B4-4BD3-A8D7-9050B81B9246}.Release|ARM.ActiveCfg = Release|Any CPU
		{ADAEA0B4-C2B4-4BD3-A8D7-9050B81B9246}.Release|ARM.Build.0 = Release|Any CPU
		{ADAEA0B4-C2B4-4BD3-A8D7-9050B81B9246}.Release|x64.ActiveCfg = Release|Any CPU
		{ADAEA0B4-C2B4-4BD3-A8D7-9050B81B9246}.Release|x64.Build.0 = Release|Any CPU
		{ADAEA0B4-C2B4-4BD3-A8D7-9050B81B9246}.Release|x86.ActiveCfg = Release|Any CPU
		{ADAEA0B4-C2B4-4BD3-A8D7-9050B81B9246}.Release|x86.Build.0 = Release|Any CPU
		{5035211B-27B4-4849-92ED-E356DFCF0DA8}.Debug|Any CPU.ActiveCfg = Debug|Any CPU
		{5035211B-27B4-4849-92ED-E356DFCF0DA8}.Debug|Any CPU.Build.0 = Debug|Any CPU
		{5035211B-27B4-4849-92ED-E356DFCF0DA8}.Debug|ARM.ActiveCfg = Debug|Any CPU
		{5035211B-27B4-4849-92ED-E356DFCF0DA8}.Debug|ARM.Build.0 = Debug|Any CPU
		{5035211B-27B4-4849-92ED-E356DFCF0DA8}.Debug|x64.ActiveCfg = Debug|Any CPU
		{5035211B-27B4-4849-92ED-E356DFCF0DA8}.Debug|x64.Build.0 = Debug|Any CPU
		{5035211B-27B4-4849-92ED-E356DFCF0DA8}.Debug|x86.ActiveCfg = Debug|Any CPU
		{5035211B-27B4-4849-92ED-E356DFCF0DA8}.Debug|x86.Build.0 = Debug|Any CPU
		{5035211B-27B4-4849-92ED-E356DFCF0DA8}.Release|Any CPU.ActiveCfg = Release|Any CPU
		{5035211B-27B4-4849-92ED-E356DFCF0DA8}.Release|Any CPU.Build.0 = Release|Any CPU
		{5035211B-27B4-4849-92ED-E356DFCF0DA8}.Release|ARM.ActiveCfg = Release|Any CPU
		{5035211B-27B4-4849-92ED-E356DFCF0DA8}.Release|ARM.Build.0 = Release|Any CPU
		{5035211B-27B4-4849-92ED-E356DFCF0DA8}.Release|x64.ActiveCfg = Release|Any CPU
		{5035211B-27B4-4849-92ED-E356DFCF0DA8}.Release|x64.Build.0 = Release|Any CPU
		{5035211B-27B4-4849-92ED-E356DFCF0DA8}.Release|x86.ActiveCfg = Release|Any CPU
		{5035211B-27B4-4849-92ED-E356DFCF0DA8}.Release|x86.Build.0 = Release|Any CPU
		{90B7C01C-1EAA-441E-909A-6949BC6ED08C}.Debug|Any CPU.ActiveCfg = Debug|Any CPU
		{90B7C01C-1EAA-441E-909A-6949BC6ED08C}.Debug|Any CPU.Build.0 = Debug|Any CPU
		{90B7C01C-1EAA-441E-909A-6949BC6ED08C}.Debug|ARM.ActiveCfg = Debug|Any CPU
		{90B7C01C-1EAA-441E-909A-6949BC6ED08C}.Debug|ARM.Build.0 = Debug|Any CPU
		{90B7C01C-1EAA-441E-909A-6949BC6ED08C}.Debug|x64.ActiveCfg = Debug|Any CPU
		{90B7C01C-1EAA-441E-909A-6949BC6ED08C}.Debug|x64.Build.0 = Debug|Any CPU
		{90B7C01C-1EAA-441E-909A-6949BC6ED08C}.Debug|x86.ActiveCfg = Debug|Any CPU
		{90B7C01C-1EAA-441E-909A-6949BC6ED08C}.Debug|x86.Build.0 = Debug|Any CPU
		{90B7C01C-1EAA-441E-909A-6949BC6ED08C}.Release|Any CPU.ActiveCfg = Release|Any CPU
		{90B7C01C-1EAA-441E-909A-6949BC6ED08C}.Release|Any CPU.Build.0 = Release|Any CPU
		{90B7C01C-1EAA-441E-909A-6949BC6ED08C}.Release|ARM.ActiveCfg = Release|Any CPU
		{90B7C01C-1EAA-441E-909A-6949BC6ED08C}.Release|ARM.Build.0 = Release|Any CPU
		{90B7C01C-1EAA-441E-909A-6949BC6ED08C}.Release|x64.ActiveCfg = Release|Any CPU
		{90B7C01C-1EAA-441E-909A-6949BC6ED08C}.Release|x64.Build.0 = Release|Any CPU
		{90B7C01C-1EAA-441E-909A-6949BC6ED08C}.Release|x86.ActiveCfg = Release|Any CPU
		{90B7C01C-1EAA-441E-909A-6949BC6ED08C}.Release|x86.Build.0 = Release|Any CPU
		{908981D6-0471-4AEF-A5AA-7AF3F59FCBAF}.Debug|Any CPU.ActiveCfg = Debug|Any CPU
		{908981D6-0471-4AEF-A5AA-7AF3F59FCBAF}.Debug|Any CPU.Build.0 = Debug|Any CPU
		{908981D6-0471-4AEF-A5AA-7AF3F59FCBAF}.Debug|ARM.ActiveCfg = Debug|Any CPU
		{908981D6-0471-4AEF-A5AA-7AF3F59FCBAF}.Debug|ARM.Build.0 = Debug|Any CPU
		{908981D6-0471-4AEF-A5AA-7AF3F59FCBAF}.Debug|x64.ActiveCfg = Debug|Any CPU
		{908981D6-0471-4AEF-A5AA-7AF3F59FCBAF}.Debug|x64.Build.0 = Debug|Any CPU
		{908981D6-0471-4AEF-A5AA-7AF3F59FCBAF}.Debug|x86.ActiveCfg = Debug|Any CPU
		{908981D6-0471-4AEF-A5AA-7AF3F59FCBAF}.Debug|x86.Build.0 = Debug|Any CPU
		{908981D6-0471-4AEF-A5AA-7AF3F59FCBAF}.Release|Any CPU.ActiveCfg = Release|Any CPU
		{908981D6-0471-4AEF-A5AA-7AF3F59FCBAF}.Release|Any CPU.Build.0 = Release|Any CPU
		{908981D6-0471-4AEF-A5AA-7AF3F59FCBAF}.Release|ARM.ActiveCfg = Release|Any CPU
		{908981D6-0471-4AEF-A5AA-7AF3F59FCBAF}.Release|ARM.Build.0 = Release|Any CPU
		{908981D6-0471-4AEF-A5AA-7AF3F59FCBAF}.Release|x64.ActiveCfg = Release|Any CPU
		{908981D6-0471-4AEF-A5AA-7AF3F59FCBAF}.Release|x64.Build.0 = Release|Any CPU
		{908981D6-0471-4AEF-A5AA-7AF3F59FCBAF}.Release|x86.ActiveCfg = Release|Any CPU
		{908981D6-0471-4AEF-A5AA-7AF3F59FCBAF}.Release|x86.Build.0 = Release|Any CPU
		{E284F28D-9482-4DEA-9CC2-872BB86A3D9C}.Debug|Any CPU.ActiveCfg = Debug|Any CPU
		{E284F28D-9482-4DEA-9CC2-872BB86A3D9C}.Debug|Any CPU.Build.0 = Debug|Any CPU
		{E284F28D-9482-4DEA-9CC2-872BB86A3D9C}.Debug|ARM.ActiveCfg = Debug|Any CPU
		{E284F28D-9482-4DEA-9CC2-872BB86A3D9C}.Debug|ARM.Build.0 = Debug|Any CPU
		{E284F28D-9482-4DEA-9CC2-872BB86A3D9C}.Debug|x64.ActiveCfg = Debug|Any CPU
		{E284F28D-9482-4DEA-9CC2-872BB86A3D9C}.Debug|x64.Build.0 = Debug|Any CPU
		{E284F28D-9482-4DEA-9CC2-872BB86A3D9C}.Debug|x86.ActiveCfg = Debug|Any CPU
		{E284F28D-9482-4DEA-9CC2-872BB86A3D9C}.Debug|x86.Build.0 = Debug|Any CPU
		{E284F28D-9482-4DEA-9CC2-872BB86A3D9C}.Release|Any CPU.ActiveCfg = Release|Any CPU
		{E284F28D-9482-4DEA-9CC2-872BB86A3D9C}.Release|Any CPU.Build.0 = Release|Any CPU
		{E284F28D-9482-4DEA-9CC2-872BB86A3D9C}.Release|ARM.ActiveCfg = Release|Any CPU
		{E284F28D-9482-4DEA-9CC2-872BB86A3D9C}.Release|ARM.Build.0 = Release|Any CPU
		{E284F28D-9482-4DEA-9CC2-872BB86A3D9C}.Release|x64.ActiveCfg = Release|Any CPU
		{E284F28D-9482-4DEA-9CC2-872BB86A3D9C}.Release|x64.Build.0 = Release|Any CPU
		{E284F28D-9482-4DEA-9CC2-872BB86A3D9C}.Release|x86.ActiveCfg = Release|Any CPU
		{E284F28D-9482-4DEA-9CC2-872BB86A3D9C}.Release|x86.Build.0 = Release|Any CPU
		{95F621B2-EFA7-4329-A232-5EA1EFE44844}.Debug|Any CPU.ActiveCfg = Debug|Any CPU
		{95F621B2-EFA7-4329-A232-5EA1EFE44844}.Debug|Any CPU.Build.0 = Debug|Any CPU
		{95F621B2-EFA7-4329-A232-5EA1EFE44844}.Debug|ARM.ActiveCfg = Debug|Any CPU
		{95F621B2-EFA7-4329-A232-5EA1EFE44844}.Debug|ARM.Build.0 = Debug|Any CPU
		{95F621B2-EFA7-4329-A232-5EA1EFE44844}.Debug|x64.ActiveCfg = Debug|Any CPU
		{95F621B2-EFA7-4329-A232-5EA1EFE44844}.Debug|x64.Build.0 = Debug|Any CPU
		{95F621B2-EFA7-4329-A232-5EA1EFE44844}.Debug|x86.ActiveCfg = Debug|Any CPU
		{95F621B2-EFA7-4329-A232-5EA1EFE44844}.Debug|x86.Build.0 = Debug|Any CPU
		{95F621B2-EFA7-4329-A232-5EA1EFE44844}.Release|Any CPU.ActiveCfg = Release|Any CPU
		{95F621B2-EFA7-4329-A232-5EA1EFE44844}.Release|Any CPU.Build.0 = Release|Any CPU
		{95F621B2-EFA7-4329-A232-5EA1EFE44844}.Release|ARM.ActiveCfg = Release|Any CPU
		{95F621B2-EFA7-4329-A232-5EA1EFE44844}.Release|ARM.Build.0 = Release|Any CPU
		{95F621B2-EFA7-4329-A232-5EA1EFE44844}.Release|x64.ActiveCfg = Release|Any CPU
		{95F621B2-EFA7-4329-A232-5EA1EFE44844}.Release|x64.Build.0 = Release|Any CPU
		{95F621B2-EFA7-4329-A232-5EA1EFE44844}.Release|x86.ActiveCfg = Release|Any CPU
		{95F621B2-EFA7-4329-A232-5EA1EFE44844}.Release|x86.Build.0 = Release|Any CPU
		{6AA61D06-E001-41AE-BCFC-74616C01EB05}.Debug|Any CPU.ActiveCfg = Debug|Any CPU
		{6AA61D06-E001-41AE-BCFC-74616C01EB05}.Debug|Any CPU.Build.0 = Debug|Any CPU
		{6AA61D06-E001-41AE-BCFC-74616C01EB05}.Debug|ARM.ActiveCfg = Debug|Any CPU
		{6AA61D06-E001-41AE-BCFC-74616C01EB05}.Debug|ARM.Build.0 = Debug|Any CPU
		{6AA61D06-E001-41AE-BCFC-74616C01EB05}.Debug|x64.ActiveCfg = Debug|Any CPU
		{6AA61D06-E001-41AE-BCFC-74616C01EB05}.Debug|x64.Build.0 = Debug|Any CPU
		{6AA61D06-E001-41AE-BCFC-74616C01EB05}.Debug|x86.ActiveCfg = Debug|Any CPU
		{6AA61D06-E001-41AE-BCFC-74616C01EB05}.Debug|x86.Build.0 = Debug|Any CPU
		{6AA61D06-E001-41AE-BCFC-74616C01EB05}.Release|Any CPU.ActiveCfg = Release|Any CPU
		{6AA61D06-E001-41AE-BCFC-74616C01EB05}.Release|Any CPU.Build.0 = Release|Any CPU
		{6AA61D06-E001-41AE-BCFC-74616C01EB05}.Release|ARM.ActiveCfg = Release|Any CPU
		{6AA61D06-E001-41AE-BCFC-74616C01EB05}.Release|ARM.Build.0 = Release|Any CPU
		{6AA61D06-E001-41AE-BCFC-74616C01EB05}.Release|x64.ActiveCfg = Release|Any CPU
		{6AA61D06-E001-41AE-BCFC-74616C01EB05}.Release|x64.Build.0 = Release|Any CPU
		{6AA61D06-E001-41AE-BCFC-74616C01EB05}.Release|x86.ActiveCfg = Release|Any CPU
		{6AA61D06-E001-41AE-BCFC-74616C01EB05}.Release|x86.Build.0 = Release|Any CPU
		{9575230A-EE84-4DD5-B454-18C45BC9A4C5}.Debug|Any CPU.ActiveCfg = Debug|Any CPU
		{9575230A-EE84-4DD5-B454-18C45BC9A4C5}.Debug|Any CPU.Build.0 = Debug|Any CPU
		{9575230A-EE84-4DD5-B454-18C45BC9A4C5}.Debug|ARM.ActiveCfg = Debug|Any CPU
		{9575230A-EE84-4DD5-B454-18C45BC9A4C5}.Debug|ARM.Build.0 = Debug|Any CPU
		{9575230A-EE84-4DD5-B454-18C45BC9A4C5}.Debug|x64.ActiveCfg = Debug|Any CPU
		{9575230A-EE84-4DD5-B454-18C45BC9A4C5}.Debug|x64.Build.0 = Debug|Any CPU
		{9575230A-EE84-4DD5-B454-18C45BC9A4C5}.Debug|x86.ActiveCfg = Debug|Any CPU
		{9575230A-EE84-4DD5-B454-18C45BC9A4C5}.Debug|x86.Build.0 = Debug|Any CPU
		{9575230A-EE84-4DD5-B454-18C45BC9A4C5}.Release|Any CPU.ActiveCfg = Release|Any CPU
		{9575230A-EE84-4DD5-B454-18C45BC9A4C5}.Release|Any CPU.Build.0 = Release|Any CPU
		{9575230A-EE84-4DD5-B454-18C45BC9A4C5}.Release|ARM.ActiveCfg = Release|Any CPU
		{9575230A-EE84-4DD5-B454-18C45BC9A4C5}.Release|ARM.Build.0 = Release|Any CPU
		{9575230A-EE84-4DD5-B454-18C45BC9A4C5}.Release|x64.ActiveCfg = Release|Any CPU
		{9575230A-EE84-4DD5-B454-18C45BC9A4C5}.Release|x64.Build.0 = Release|Any CPU
		{9575230A-EE84-4DD5-B454-18C45BC9A4C5}.Release|x86.ActiveCfg = Release|Any CPU
		{9575230A-EE84-4DD5-B454-18C45BC9A4C5}.Release|x86.Build.0 = Release|Any CPU
		{B9FC373C-8E1B-49BA-A170-CF34E23CEF60}.Debug|Any CPU.ActiveCfg = Debug|Any CPU
		{B9FC373C-8E1B-49BA-A170-CF34E23CEF60}.Debug|Any CPU.Build.0 = Debug|Any CPU
		{B9FC373C-8E1B-49BA-A170-CF34E23CEF60}.Debug|ARM.ActiveCfg = Debug|Any CPU
		{B9FC373C-8E1B-49BA-A170-CF34E23CEF60}.Debug|ARM.Build.0 = Debug|Any CPU
		{B9FC373C-8E1B-49BA-A170-CF34E23CEF60}.Debug|x64.ActiveCfg = Debug|Any CPU
		{B9FC373C-8E1B-49BA-A170-CF34E23CEF60}.Debug|x64.Build.0 = Debug|Any CPU
		{B9FC373C-8E1B-49BA-A170-CF34E23CEF60}.Debug|x86.ActiveCfg = Debug|Any CPU
		{B9FC373C-8E1B-49BA-A170-CF34E23CEF60}.Debug|x86.Build.0 = Debug|Any CPU
		{B9FC373C-8E1B-49BA-A170-CF34E23CEF60}.Release|Any CPU.ActiveCfg = Release|Any CPU
		{B9FC373C-8E1B-49BA-A170-CF34E23CEF60}.Release|Any CPU.Build.0 = Release|Any CPU
		{B9FC373C-8E1B-49BA-A170-CF34E23CEF60}.Release|ARM.ActiveCfg = Release|Any CPU
		{B9FC373C-8E1B-49BA-A170-CF34E23CEF60}.Release|ARM.Build.0 = Release|Any CPU
		{B9FC373C-8E1B-49BA-A170-CF34E23CEF60}.Release|x64.ActiveCfg = Release|Any CPU
		{B9FC373C-8E1B-49BA-A170-CF34E23CEF60}.Release|x64.Build.0 = Release|Any CPU
		{B9FC373C-8E1B-49BA-A170-CF34E23CEF60}.Release|x86.ActiveCfg = Release|Any CPU
		{B9FC373C-8E1B-49BA-A170-CF34E23CEF60}.Release|x86.Build.0 = Release|Any CPU
		{2009D73D-BD92-4E9A-A028-4AE09C693411}.Debug|Any CPU.ActiveCfg = Debug|Any CPU
		{2009D73D-BD92-4E9A-A028-4AE09C693411}.Debug|Any CPU.Build.0 = Debug|Any CPU
		{2009D73D-BD92-4E9A-A028-4AE09C693411}.Debug|ARM.ActiveCfg = Debug|Any CPU
		{2009D73D-BD92-4E9A-A028-4AE09C693411}.Debug|ARM.Build.0 = Debug|Any CPU
		{2009D73D-BD92-4E9A-A028-4AE09C693411}.Debug|x64.ActiveCfg = Debug|Any CPU
		{2009D73D-BD92-4E9A-A028-4AE09C693411}.Debug|x64.Build.0 = Debug|Any CPU
		{2009D73D-BD92-4E9A-A028-4AE09C693411}.Debug|x86.ActiveCfg = Debug|Any CPU
		{2009D73D-BD92-4E9A-A028-4AE09C693411}.Debug|x86.Build.0 = Debug|Any CPU
		{2009D73D-BD92-4E9A-A028-4AE09C693411}.Release|Any CPU.ActiveCfg = Release|Any CPU
		{2009D73D-BD92-4E9A-A028-4AE09C693411}.Release|Any CPU.Build.0 = Release|Any CPU
		{2009D73D-BD92-4E9A-A028-4AE09C693411}.Release|ARM.ActiveCfg = Release|Any CPU
		{2009D73D-BD92-4E9A-A028-4AE09C693411}.Release|ARM.Build.0 = Release|Any CPU
		{2009D73D-BD92-4E9A-A028-4AE09C693411}.Release|x64.ActiveCfg = Release|Any CPU
		{2009D73D-BD92-4E9A-A028-4AE09C693411}.Release|x64.Build.0 = Release|Any CPU
		{2009D73D-BD92-4E9A-A028-4AE09C693411}.Release|x86.ActiveCfg = Release|Any CPU
		{2009D73D-BD92-4E9A-A028-4AE09C693411}.Release|x86.Build.0 = Release|Any CPU
		{B2C38586-3FDD-4B67-A8AF-5D2960CFA4A1}.Debug|Any CPU.ActiveCfg = Debug|Any CPU
		{B2C38586-3FDD-4B67-A8AF-5D2960CFA4A1}.Debug|Any CPU.Build.0 = Debug|Any CPU
		{B2C38586-3FDD-4B67-A8AF-5D2960CFA4A1}.Debug|ARM.ActiveCfg = Debug|Any CPU
		{B2C38586-3FDD-4B67-A8AF-5D2960CFA4A1}.Debug|ARM.Build.0 = Debug|Any CPU
		{B2C38586-3FDD-4B67-A8AF-5D2960CFA4A1}.Debug|x64.ActiveCfg = Debug|Any CPU
		{B2C38586-3FDD-4B67-A8AF-5D2960CFA4A1}.Debug|x64.Build.0 = Debug|Any CPU
		{B2C38586-3FDD-4B67-A8AF-5D2960CFA4A1}.Debug|x86.ActiveCfg = Debug|Any CPU
		{B2C38586-3FDD-4B67-A8AF-5D2960CFA4A1}.Debug|x86.Build.0 = Debug|Any CPU
		{B2C38586-3FDD-4B67-A8AF-5D2960CFA4A1}.Release|Any CPU.ActiveCfg = Release|Any CPU
		{B2C38586-3FDD-4B67-A8AF-5D2960CFA4A1}.Release|Any CPU.Build.0 = Release|Any CPU
		{B2C38586-3FDD-4B67-A8AF-5D2960CFA4A1}.Release|ARM.ActiveCfg = Release|Any CPU
		{B2C38586-3FDD-4B67-A8AF-5D2960CFA4A1}.Release|ARM.Build.0 = Release|Any CPU
		{B2C38586-3FDD-4B67-A8AF-5D2960CFA4A1}.Release|x64.ActiveCfg = Release|Any CPU
		{B2C38586-3FDD-4B67-A8AF-5D2960CFA4A1}.Release|x64.Build.0 = Release|Any CPU
		{B2C38586-3FDD-4B67-A8AF-5D2960CFA4A1}.Release|x86.ActiveCfg = Release|Any CPU
		{B2C38586-3FDD-4B67-A8AF-5D2960CFA4A1}.Release|x86.Build.0 = Release|Any CPU
		{616983FA-4088-46B1-849F-835665A50A61}.Debug|Any CPU.ActiveCfg = Debug|Any CPU
		{616983FA-4088-46B1-849F-835665A50A61}.Debug|Any CPU.Build.0 = Debug|Any CPU
		{616983FA-4088-46B1-849F-835665A50A61}.Debug|ARM.ActiveCfg = Debug|Any CPU
		{616983FA-4088-46B1-849F-835665A50A61}.Debug|ARM.Build.0 = Debug|Any CPU
		{616983FA-4088-46B1-849F-835665A50A61}.Debug|x64.ActiveCfg = Debug|Any CPU
		{616983FA-4088-46B1-849F-835665A50A61}.Debug|x64.Build.0 = Debug|Any CPU
		{616983FA-4088-46B1-849F-835665A50A61}.Debug|x86.ActiveCfg = Debug|Any CPU
		{616983FA-4088-46B1-849F-835665A50A61}.Debug|x86.Build.0 = Debug|Any CPU
		{616983FA-4088-46B1-849F-835665A50A61}.Release|Any CPU.ActiveCfg = Release|Any CPU
		{616983FA-4088-46B1-849F-835665A50A61}.Release|Any CPU.Build.0 = Release|Any CPU
		{616983FA-4088-46B1-849F-835665A50A61}.Release|ARM.ActiveCfg = Release|Any CPU
		{616983FA-4088-46B1-849F-835665A50A61}.Release|ARM.Build.0 = Release|Any CPU
		{616983FA-4088-46B1-849F-835665A50A61}.Release|x64.ActiveCfg = Release|Any CPU
		{616983FA-4088-46B1-849F-835665A50A61}.Release|x64.Build.0 = Release|Any CPU
		{616983FA-4088-46B1-849F-835665A50A61}.Release|x86.ActiveCfg = Release|Any CPU
		{616983FA-4088-46B1-849F-835665A50A61}.Release|x86.Build.0 = Release|Any CPU
		{C3278F37-C0DC-4740-BDAA-3169905CB301}.Debug|Any CPU.ActiveCfg = Debug|Any CPU
		{C3278F37-C0DC-4740-BDAA-3169905CB301}.Debug|Any CPU.Build.0 = Debug|Any CPU
		{C3278F37-C0DC-4740-BDAA-3169905CB301}.Debug|ARM.ActiveCfg = Debug|Any CPU
		{C3278F37-C0DC-4740-BDAA-3169905CB301}.Debug|ARM.Build.0 = Debug|Any CPU
		{C3278F37-C0DC-4740-BDAA-3169905CB301}.Debug|x64.ActiveCfg = Debug|Any CPU
		{C3278F37-C0DC-4740-BDAA-3169905CB301}.Debug|x64.Build.0 = Debug|Any CPU
		{C3278F37-C0DC-4740-BDAA-3169905CB301}.Debug|x86.ActiveCfg = Debug|Any CPU
		{C3278F37-C0DC-4740-BDAA-3169905CB301}.Debug|x86.Build.0 = Debug|Any CPU
		{C3278F37-C0DC-4740-BDAA-3169905CB301}.Release|Any CPU.ActiveCfg = Release|Any CPU
		{C3278F37-C0DC-4740-BDAA-3169905CB301}.Release|Any CPU.Build.0 = Release|Any CPU
		{C3278F37-C0DC-4740-BDAA-3169905CB301}.Release|ARM.ActiveCfg = Release|Any CPU
		{C3278F37-C0DC-4740-BDAA-3169905CB301}.Release|ARM.Build.0 = Release|Any CPU
		{C3278F37-C0DC-4740-BDAA-3169905CB301}.Release|x64.ActiveCfg = Release|Any CPU
		{C3278F37-C0DC-4740-BDAA-3169905CB301}.Release|x64.Build.0 = Release|Any CPU
		{C3278F37-C0DC-4740-BDAA-3169905CB301}.Release|x86.ActiveCfg = Release|Any CPU
		{C3278F37-C0DC-4740-BDAA-3169905CB301}.Release|x86.Build.0 = Release|Any CPU
		{F5F9139B-A7E1-4A18-B900-D0368BF5E819}.Debug|Any CPU.ActiveCfg = Debug|Any CPU
		{F5F9139B-A7E1-4A18-B900-D0368BF5E819}.Debug|Any CPU.Build.0 = Debug|Any CPU
		{F5F9139B-A7E1-4A18-B900-D0368BF5E819}.Debug|ARM.ActiveCfg = Debug|Any CPU
		{F5F9139B-A7E1-4A18-B900-D0368BF5E819}.Debug|ARM.Build.0 = Debug|Any CPU
		{F5F9139B-A7E1-4A18-B900-D0368BF5E819}.Debug|x64.ActiveCfg = Debug|Any CPU
		{F5F9139B-A7E1-4A18-B900-D0368BF5E819}.Debug|x64.Build.0 = Debug|Any CPU
		{F5F9139B-A7E1-4A18-B900-D0368BF5E819}.Debug|x86.ActiveCfg = Debug|Any CPU
		{F5F9139B-A7E1-4A18-B900-D0368BF5E819}.Debug|x86.Build.0 = Debug|Any CPU
		{F5F9139B-A7E1-4A18-B900-D0368BF5E819}.Release|Any CPU.ActiveCfg = Release|Any CPU
		{F5F9139B-A7E1-4A18-B900-D0368BF5E819}.Release|Any CPU.Build.0 = Release|Any CPU
		{F5F9139B-A7E1-4A18-B900-D0368BF5E819}.Release|ARM.ActiveCfg = Release|Any CPU
		{F5F9139B-A7E1-4A18-B900-D0368BF5E819}.Release|ARM.Build.0 = Release|Any CPU
		{F5F9139B-A7E1-4A18-B900-D0368BF5E819}.Release|x64.ActiveCfg = Release|Any CPU
		{F5F9139B-A7E1-4A18-B900-D0368BF5E819}.Release|x64.Build.0 = Release|Any CPU
		{F5F9139B-A7E1-4A18-B900-D0368BF5E819}.Release|x86.ActiveCfg = Release|Any CPU
		{F5F9139B-A7E1-4A18-B900-D0368BF5E819}.Release|x86.Build.0 = Release|Any CPU
	EndGlobalSection
	GlobalSection(SolutionProperties) = preSolution
		HideSolutionNode = FALSE
	EndGlobalSection
EndGlobal
